
Microsoft Visual Studio Solution File, Format Version 12.00
# Visual Studio Version 16
VisualStudioVersion = 16.0.30804.86
MinimumVisualStudioVersion = 10.0.40219.1
Project("{6EC3EE1D-3C4E-46DD-8F32-0CC8E7565705}") = "App", "App.fsproj", "{B859443F-627D-4F74-8AEA-C5688EF5A8AE}"
EndProject
Project("{6EC3EE1D-3C4E-46DD-8F32-0CC8E7565705}") = "FSharp.ValidationBlocks", "FSharp.ValidationBlocks\FSharp.ValidationBlocks.fsproj", "{D26E882F-B176-4DBA-B239-730B4629D16F}"
EndProject
Project("{6EC3EE1D-3C4E-46DD-8F32-0CC8E7565705}") = "FSharp.ValidationBlocks.Fable", "FSharp.ValidationBlocks.Fable\FSharp.ValidationBlocks.Fable.fsproj", "{6435918B-5F06-498B-B32B-1D3D223D8836}"
EndProject
Project("{2150E333-8FDC-42A3-9474-1A3956D46DE8}") = "public", "public", "{6162A805-E0BC-4D0D-9FEB-74A9E17EC470}"
	ProjectSection(SolutionItems) = preProject
		..\public\index.html = ..\public\index.html
	EndProjectSection
EndProject
Global
	GlobalSection(SolutionConfigurationPlatforms) = preSolution
		Debug|Any CPU = Debug|Any CPU
		Release|Any CPU = Release|Any CPU
	EndGlobalSection
	GlobalSection(ProjectConfigurationPlatforms) = postSolution
		{B859443F-627D-4F74-8AEA-C5688EF5A8AE}.Debug|Any CPU.ActiveCfg = Debug|Any CPU
		{B859443F-627D-4F74-8AEA-C5688EF5A8AE}.Debug|Any CPU.Build.0 = Debug|Any CPU
		{B859443F-627D-4F74-8AEA-C5688EF5A8AE}.Release|Any CPU.ActiveCfg = Release|Any CPU
		{B859443F-627D-4F74-8AEA-C5688EF5A8AE}.Release|Any CPU.Build.0 = Release|Any CPU
		{D26E882F-B176-4DBA-B239-730B4629D16F}.Debug|Any CPU.ActiveCfg = Debug|Any CPU
		{D26E882F-B176-4DBA-B239-730B4629D16F}.Debug|Any CPU.Build.0 = Debug|Any CPU
		{D26E882F-B176-4DBA-B239-730B4629D16F}.Release|Any CPU.ActiveCfg = Release|Any CPU
		{D26E882F-B176-4DBA-B239-730B4629D16F}.Release|Any CPU.Build.0 = Release|Any CPU
		{6435918B-5F06-498B-B32B-1D3D223D8836}.Debug|Any CPU.ActiveCfg = Debug|Any CPU
		{6435918B-5F06-498B-B32B-1D3D223D8836}.Debug|Any CPU.Build.0 = Debug|Any CPU
		{6435918B-5F06-498B-B32B-1D3D223D8836}.Release|Any CPU.ActiveCfg = Release|Any CPU
		{6435918B-5F06-498B-B32B-1D3D223D8836}.Release|Any CPU.Build.0 = Release|Any CPU
	EndGlobalSection
	GlobalSection(SolutionProperties) = preSolution
		HideSolutionNode = FALSE
	EndGlobalSection
	GlobalSection(ExtensibilityGlobals) = postSolution
		SolutionGuid = {D1002A99-C9A1-4623-A8EE-A85E61018746}
	EndGlobalSection
EndGlobal
